
Microsoft Visual Studio Solution File, Format Version 12.00
# Visual Studio Version 17
VisualStudioVersion = 17.14.36221.1
MinimumVisualStudioVersion = 10.0.40219.1
Project("{FAE04EC0-301F-11D3-BF4B-00C04F79EFBC}") = "Rently.Api", "Rently.Api\Rently.Api.csproj", "{EC91B27A-EF10-4A78-973B-E8E98A09447C}"
	ProjectSection(ProjectDependencies) = postProject
		{BE123A3A-CB21-4713-AF1B-2ED548A3A5D6} = {BE123A3A-CB21-4713-AF1B-2ED548A3A5D6}
		{D381A904-B396-4F7B-9944-64508A8EE9F1} = {D381A904-B396-4F7B-9944-64508A8EE9F1}
	EndProjectSection
EndProject
Project("{FAE04EC0-301F-11D3-BF4B-00C04F79EFBC}") = "Rently.App", "Rently.App\Rently.App.csproj", "{8975E314-0C47-41BA-91E5-9E601C7E692B}"
EndProject
Project("{FAE04EC0-301F-11D3-BF4B-00C04F79EFBC}") = "Rently.Common", "Rently.Common\Rently.Common.csproj", "{D6C4D868-DF31-40B2-A894-392FC5AA9282}"
EndProject
Project("{FAE04EC0-301F-11D3-BF4B-00C04F79EFBC}") = "Rently.Core", "Rently.Core\Rently.Core.csproj", "{BE123A3A-CB21-4713-AF1B-2ED548A3A5D6}"
EndProject
Project("{FAE04EC0-301F-11D3-BF4B-00C04F79EFBC}") = "Rently.Infrastructure", "Rently.Infrastructure\Rently.Infrastructure.csproj", "{D381A904-B396-4F7B-9944-64508A8EE9F1}"
	ProjectSection(ProjectDependencies) = postProject
		{BE123A3A-CB21-4713-AF1B-2ED548A3A5D6} = {BE123A3A-CB21-4713-AF1B-2ED548A3A5D6}
	EndProjectSection
EndProject
Global
	GlobalSection(SolutionConfigurationPlatforms) = preSolution
		Debug|Any CPU = Debug|Any CPU
		Release|Any CPU = Release|Any CPU
	EndGlobalSection
	GlobalSection(ProjectConfigurationPlatforms) = postSolution
		{EC91B27A-EF10-4A78-973B-E8E98A09447C}.Debug|Any CPU.ActiveCfg = Debug|Any CPU
		{EC91B27A-EF10-4A78-973B-E8E98A09447C}.Debug|Any CPU.Build.0 = Debug|Any CPU
		{EC91B27A-EF10-4A78-973B-E8E98A09447C}.Release|Any CPU.ActiveCfg = Release|Any CPU
		{EC91B27A-EF10-4A78-973B-E8E98A09447C}.Release|Any CPU.Build.0 = Release|Any CPU
		{8975E314-0C47-41BA-91E5-9E601C7E692B}.Debug|Any CPU.ActiveCfg = Debug|Any CPU
		{8975E314-0C47-41BA-91E5-9E601C7E692B}.Debug|Any CPU.Build.0 = Debug|Any CPU
		{8975E314-0C47-41BA-91E5-9E601C7E692B}.Release|Any CPU.ActiveCfg = Release|Any CPU
		{8975E314-0C47-41BA-91E5-9E601C7E692B}.Release|Any CPU.Build.0 = Release|Any CPU
		{D6C4D868-DF31-40B2-A894-392FC5AA9282}.Debug|Any CPU.ActiveCfg = Debug|Any CPU
		{D6C4D868-DF31-40B2-A894-392FC5AA9282}.Debug|Any CPU.Build.0 = Debug|Any CPU
		{D6C4D868-DF31-40B2-A894-392FC5AA9282}.Release|Any CPU.ActiveCfg = Release|Any CPU
		{D6C4D868-DF31-40B2-A894-392FC5AA9282}.Release|Any CPU.Build.0 = Release|Any CPU
		{BE123A3A-CB21-4713-AF1B-2ED548A3A5D6}.Debug|Any CPU.ActiveCfg = Debug|Any CPU
		{BE123A3A-CB21-4713-AF1B-2ED548A3A5D6}.Debug|Any CPU.Build.0 = Debug|Any CPU
		{BE123A3A-CB21-4713-AF1B-2ED548A3A5D6}.Release|Any CPU.ActiveCfg = Release|Any CPU
		{BE123A3A-CB21-4713-AF1B-2ED548A3A5D6}.Release|Any CPU.Build.0 = Release|Any CPU
		{D381A904-B396-4F7B-9944-64508A8EE9F1}.Debug|Any CPU.ActiveCfg = Debug|Any CPU
		{D381A904-B396-4F7B-9944-64508A8EE9F1}.Debug|Any CPU.Build.0 = Debug|Any CPU
		{D381A904-B396-4F7B-9944-64508A8EE9F1}.Release|Any CPU.ActiveCfg = Release|Any CPU
		{D381A904-B396-4F7B-9944-64508A8EE9F1}.Release|Any CPU.Build.0 = Release|Any CPU
	EndGlobalSection
	GlobalSection(SolutionProperties) = preSolution
		HideSolutionNode = FALSE
	EndGlobalSection
	GlobalSection(ExtensibilityGlobals) = postSolution
		SolutionGuid = {FA0E48D6-3B10-4F4A-9DD9-03CB0C5F0D18}
	EndGlobalSection
EndGlobal
